
Microsoft Visual Studio Solution File, Format Version 12.00
# Visual Studio Version 16
VisualStudioVersion = 16.0.29418.71
MinimumVisualStudioVersion = 10.0.40219.1
Project("{FAE04EC0-301F-11D3-BF4B-00C04F79EFBC}") = "XamUIChallenges.UWP", "XamUIChallenges.UWP\XamUIChallenges.UWP.csproj", "{3BFA13B2-F082-498E-B996-B9934D556F27}"
EndProject
Project("{FAE04EC0-301F-11D3-BF4B-00C04F79EFBC}") = "XamUIChallenges.Android", "XamUIChallenges.Android\XamUIChallenges.Android.csproj", "{9C3CA777-DBA2-45BD-B5DA-04F61BF5C763}"
EndProject
Project("{FAE04EC0-301F-11D3-BF4B-00C04F79EFBC}") = "XamUIChallenges.iOS", "XamUIChallenges.iOS\XamUIChallenges.iOS.csproj", "{DBE99C72-77D1-4E81-81C2-E8CB4FD3BF3E}"
EndProject
Project("{FAE04EC0-301F-11D3-BF4B-00C04F79EFBC}") = "XamUIChallenges", "XamUIChallenges\XamUIChallenges.csproj", "{F380DE08-7A4C-43CC-ABF2-46BEA9729554}"
EndProject
Global
	GlobalSection(SolutionConfigurationPlatforms) = preSolution
		Debug|Any CPU = Debug|Any CPU
		Debug|ARM = Debug|ARM
		Debug|iPhone = Debug|iPhone
		Debug|iPhoneSimulator = Debug|iPhoneSimulator
		Debug|x64 = Debug|x64
		Debug|x86 = Debug|x86
		Release|Any CPU = Release|Any CPU
		Release|ARM = Release|ARM
		Release|iPhone = Release|iPhone
		Release|iPhoneSimulator = Release|iPhoneSimulator
		Release|x64 = Release|x64
		Release|x86 = Release|x86
	EndGlobalSection
	GlobalSection(ProjectConfigurationPlatforms) = postSolution
		{3BFA13B2-F082-498E-B996-B9934D556F27}.Debug|Any CPU.ActiveCfg = Debug|x86
		{3BFA13B2-F082-498E-B996-B9934D556F27}.Debug|Any CPU.Build.0 = Debug|x86
		{3BFA13B2-F082-498E-B996-B9934D556F27}.Debug|Any CPU.Deploy.0 = Debug|x86
		{3BFA13B2-F082-498E-B996-B9934D556F27}.Debug|ARM.ActiveCfg = Debug|ARM
		{3BFA13B2-F082-498E-B996-B9934D556F27}.Debug|ARM.Build.0 = Debug|ARM
		{3BFA13B2-F082-498E-B996-B9934D556F27}.Debug|ARM.Deploy.0 = Debug|ARM
		{3BFA13B2-F082-498E-B996-B9934D556F27}.Debug|iPhone.ActiveCfg = Debug|x86
		{3BFA13B2-F082-498E-B996-B9934D556F27}.Debug|iPhone.Build.0 = Debug|x86
		{3BFA13B2-F082-498E-B996-B9934D556F27}.Debug|iPhone.Deploy.0 = Debug|x86
		{3BFA13B2-F082-498E-B996-B9934D556F27}.Debug|iPhoneSimulator.ActiveCfg = Debug|x86
		{3BFA13B2-F082-498E-B996-B9934D556F27}.Debug|iPhoneSimulator.Build.0 = Debug|x86
		{3BFA13B2-F082-498E-B996-B9934D556F27}.Debug|iPhoneSimulator.Deploy.0 = Debug|x86
		{3BFA13B2-F082-498E-B996-B9934D556F27}.Debug|x64.ActiveCfg = Debug|x64
		{3BFA13B2-F082-498E-B996-B9934D556F27}.Debug|x64.Build.0 = Debug|x64
		{3BFA13B2-F082-498E-B996-B9934D556F27}.Debug|x64.Deploy.0 = Debug|x64
		{3BFA13B2-F082-498E-B996-B9934D556F27}.Debug|x86.ActiveCfg = Debug|x86
		{3BFA13B2-F082-498E-B996-B9934D556F27}.Debug|x86.Build.0 = Debug|x86
		{3BFA13B2-F082-498E-B996-B9934D556F27}.Debug|x86.Deploy.0 = Debug|x86
		{3BFA13B2-F082-498E-B996-B9934D556F27}.Release|Any CPU.ActiveCfg = Release|x86
		{3BFA13B2-F082-498E-B996-B9934D556F27}.Release|Any CPU.Build.0 = Release|x86
		{3BFA13B2-F082-498E-B996-B9934D556F27}.Release|Any CPU.Deploy.0 = Release|x86
		{3BFA13B2-F082-498E-B996-B9934D556F27}.Release|ARM.ActiveCfg = Release|ARM
		{3BFA13B2-F082-498E-B996-B9934D556F27}.Release|ARM.Build.0 = Release|ARM
		{3BFA13B2-F082-498E-B996-B9934D556F27}.Release|ARM.Deploy.0 = Release|ARM
		{3BFA13B2-F082-498E-B996-B9934D556F27}.Release|iPhone.ActiveCfg = Release|x86
		{3BFA13B2-F082-498E-B996-B9934D556F27}.Release|iPhone.Build.0 = Release|x86
		{3BFA13B2-F082-498E-B996-B9934D556F27}.Release|iPhone.Deploy.0 = Release|x86
		{3BFA13B2-F082-498E-B996-B9934D556F27}.Release|iPhoneSimulator.ActiveCfg = Release|x86
		{3BFA13B2-F082-498E-B996-B9934D556F27}.Release|iPhoneSimulator.Build.0 = Release|x86
		{3BFA13B2-F082-498E-B996-B9934D556F27}.Release|iPhoneSimulator.Deploy.0 = Release|x86
		{3BFA13B2-F082-498E-B996-B9934D556F27}.Release|x64.ActiveCfg = Release|x64
		{3BFA13B2-F082-498E-B996-B9934D556F27}.Release|x64.Build.0 = Release|x64
		{3BFA13B2-F082-498E-B996-B9934D556F27}.Release|x64.Deploy.0 = Release|x64
		{3BFA13B2-F082-498E-B996-B9934D556F27}.Release|x86.ActiveCfg = Release|x86
		{3BFA13B2-F082-498E-B996-B9934D556F27}.Release|x86.Build.0 = Release|x86
		{3BFA13B2-F082-498E-B996-B9934D556F27}.Release|x86.Deploy.0 = Release|x86
		{9C3CA777-DBA2-45BD-B5DA-04F61BF5C763}.Debug|Any CPU.ActiveCfg = Debug|Any CPU
		{9C3CA777-DBA2-45BD-B5DA-04F61BF5C763}.Debug|Any CPU.Build.0 = Debug|Any CPU
		{9C3CA777-DBA2-45BD-B5DA-04F61BF5C763}.Debug|Any CPU.Deploy.0 = Debug|Any CPU
		{9C3CA777-DBA2-45BD-B5DA-04F61BF5C763}.Debug|ARM.ActiveCfg = Debug|Any CPU
		{9C3CA777-DBA2-45BD-B5DA-04F61BF5C763}.Debug|ARM.Build.0 = Debug|Any CPU
		{9C3CA777-DBA2-45BD-B5DA-04F61BF5C763}.Debug|ARM.Deploy.0 = Debug|Any CPU
		{9C3CA777-DBA2-45BD-B5DA-04F61BF5C763}.Debug|iPhone.ActiveCfg = Debug|Any CPU
		{9C3CA777-DBA2-45BD-B5DA-04F61BF5C763}.Debug|iPhone.Build.0 = Debug|Any CPU
		{9C3CA777-DBA2-45BD-B5DA-04F61BF5C763}.Debug|iPhone.Deploy.0 = Debug|Any CPU
		{9C3CA777-DBA2-45BD-B5DA-04F61BF5C763}.Debug|iPhoneSimulator.ActiveCfg = Debug|Any CPU
		{9C3CA777-DBA2-45BD-B5DA-04F61BF5C763}.Debug|iPhoneSimulator.Build.0 = Debug|Any CPU
		{9C3CA777-DBA2-45BD-B5DA-04F61BF5C763}.Debug|iPhoneSimulator.Deploy.0 = Debug|Any CPU
		{9C3CA777-DBA2-45BD-B5DA-04F61BF5C763}.Debug|x64.ActiveCfg = Debug|Any CPU
		{9C3CA777-DBA2-45BD-B5DA-04F61BF5C763}.Debug|x64.Build.0 = Debug|Any CPU
		{9C3CA777-DBA2-45BD-B5DA-04F61BF5C763}.Debug|x64.Deploy.0 = Debug|Any CPU
		{9C3CA777-DBA2-45BD-B5DA-04F61BF5C763}.Debug|x86.ActiveCfg = Debug|Any CPU
		{9C3CA777-DBA2-45BD-B5DA-04F61BF5C763}.Debug|x86.Build.0 = Debug|Any CPU
		{9C3CA777-DBA2-45BD-B5DA-04F61BF5C763}.Debug|x86.Deploy.0 = Debug|Any CPU
		{9C3CA777-DBA2-45BD-B5DA-04F61BF5C763}.Release|Any CPU.ActiveCfg = Release|Any CPU
		{9C3CA777-DBA2-45BD-B5DA-04F61BF5C763}.Release|Any CPU.Build.0 = Release|Any CPU
		{9C3CA777-DBA2-45BD-B5DA-04F61BF5C763}.Release|Any CPU.Deploy.0 = Release|Any CPU
		{9C3CA777-DBA2-45BD-B5DA-04F61BF5C763}.Release|ARM.ActiveCfg = Release|Any CPU
		{9C3CA777-DBA2-45BD-B5DA-04F61BF5C763}.Release|ARM.Build.0 = Release|Any CPU
		{9C3CA777-DBA2-45BD-B5DA-04F61BF5C763}.Release|ARM.Deploy.0 = Release|Any CPU
		{9C3CA777-DBA2-45BD-B5DA-04F61BF5C763}.Release|iPhone.ActiveCfg = Release|Any CPU
		{9C3CA777-DBA2-45BD-B5DA-04F61BF5C763}.Release|iPhone.Build.0 = Release|Any CPU
		{9C3CA777-DBA2-45BD-B5DA-04F61BF5C763}.Release|iPhone.Deploy.0 = Release|Any CPU
		{9C3CA777-DBA2-45BD-B5DA-04F61BF5C763}.Release|iPhoneSimulator.ActiveCfg = Release|Any CPU
		{9C3CA777-DBA2-45BD-B5DA-04F61BF5C763}.Release|iPhoneSimulator.Build.0 = Release|Any CPU
		{9C3CA777-DBA2-45BD-B5DA-04F61BF5C763}.Release|iPhoneSimulator.Deploy.0 = Release|Any CPU
		{9C3CA777-DBA2-45BD-B5DA-04F61BF5C763}.Release|x64.ActiveCfg = Release|Any CPU
		{9C3CA777-DBA2-45BD-B5DA-04F61BF5C763}.Release|x64.Build.0 = Release|Any CPU
		{9C3CA777-DBA2-45BD-B5DA-04F61BF5C763}.Release|x64.Deploy.0 = Release|Any CPU
		{9C3CA777-DBA2-45BD-B5DA-04F61BF5C763}.Release|x86.ActiveCfg = Release|Any CPU
		{9C3CA777-DBA2-45BD-B5DA-04F61BF5C763}.Release|x86.Build.0 = Release|Any CPU
		{9C3CA777-DBA2-45BD-B5DA-04F61BF5C763}.Release|x86.Deploy.0 = Release|Any CPU
		{DBE99C72-77D1-4E81-81C2-E8CB4FD3BF3E}.Debug|Any CPU.ActiveCfg = Debug|iPhone
		{DBE99C72-77D1-4E81-81C2-E8CB4FD3BF3E}.Debug|Any CPU.Build.0 = Debug|iPhone
		{DBE99C72-77D1-4E81-81C2-E8CB4FD3BF3E}.Debug|Any CPU.Deploy.0 = Debug|iPhone
		{DBE99C72-77D1-4E81-81C2-E8CB4FD3BF3E}.Debug|ARM.ActiveCfg = Debug|iPhoneSimulator
		{DBE99C72-77D1-4E81-81C2-E8CB4FD3BF3E}.Debug|ARM.Build.0 = Debug|iPhoneSimulator
		{DBE99C72-77D1-4E81-81C2-E8CB4FD3BF3E}.Debug|ARM.Deploy.0 = Debug|iPhoneSimulator
		{DBE99C72-77D1-4E81-81C2-E8CB4FD3BF3E}.Debug|iPhone.ActiveCfg = Debug|iPhone
		{DBE99C72-77D1-4E81-81C2-E8CB4FD3BF3E}.Debug|iPhone.Build.0 = Debug|iPhone
		{DBE99C72-77D1-4E81-81C2-E8CB4FD3BF3E}.Debug|iPhone.Deploy.0 = Debug|iPhone
		{DBE99C72-77D1-4E81-81C2-E8CB4FD3BF3E}.Debug|iPhoneSimulator.ActiveCfg = Debug|iPhoneSimulator
		{DBE99C72-77D1-4E81-81C2-E8CB4FD3BF3E}.Debug|iPhoneSimulator.Build.0 = Debug|iPhoneSimulator
		{DBE99C72-77D1-4E81-81C2-E8CB4FD3BF3E}.Debug|iPhoneSimulator.Deploy.0 = Debug|iPhoneSimulator
		{DBE99C72-77D1-4E81-81C2-E8CB4FD3BF3E}.Debug|x64.ActiveCfg = Debug|iPhone
		{DBE99C72-77D1-4E81-81C2-E8CB4FD3BF3E}.Debug|x64.Build.0 = Debug|iPhone
		{DBE99C72-77D1-4E81-81C2-E8CB4FD3BF3E}.Debug|x64.Deploy.0 = Debug|iPhone
		{DBE99C72-77D1-4E81-81C2-E8CB4FD3BF3E}.Debug|x86.ActiveCfg = Debug|iPhone
		{DBE99C72-77D1-4E81-81C2-E8CB4FD3BF3E}.Debug|x86.Build.0 = Debug|iPhone
		{DBE99C72-77D1-4E81-81C2-E8CB4FD3BF3E}.Debug|x86.Deploy.0 = Debug|iPhone
		{DBE99C72-77D1-4E81-81C2-E8CB4FD3BF3E}.Release|Any CPU.ActiveCfg = Release|iPhone
		{DBE99C72-77D1-4E81-81C2-E8CB4FD3BF3E}.Release|Any CPU.Build.0 = Release|iPhone
		{DBE99C72-77D1-4E81-81C2-E8CB4FD3BF3E}.Release|Any CPU.Deploy.0 = Release|iPhone
		{DBE99C72-77D1-4E81-81C2-E8CB4FD3BF3E}.Release|ARM.ActiveCfg = Release|iPhone
		{DBE99C72-77D1-4E81-81C2-E8CB4FD3BF3E}.Release|ARM.Build.0 = Release|iPhone
		{DBE99C72-77D1-4E81-81C2-E8CB4FD3BF3E}.Release|ARM.Deploy.0 = Release|iPhone
		{DBE99C72-77D1-4E81-81C2-E8CB4FD3BF3E}.Release|iPhone.ActiveCfg = Release|iPhone
		{DBE99C72-77D1-4E81-81C2-E8CB4FD3BF3E}.Release|iPhone.Build.0 = Release|iPhone
		{DBE99C72-77D1-4E81-81C2-E8CB4FD3BF3E}.Release|iPhone.Deploy.0 = Release|iPhone
		{DBE99C72-77D1-4E81-81C2-E8CB4FD3BF3E}.Release|iPhoneSimulator.ActiveCfg = Release|iPhoneSimulator
		{DBE99C72-77D1-4E81-81C2-E8CB4FD3BF3E}.Release|iPhoneSimulator.Build.0 = Release|iPhoneSimulator
		{DBE99C72-77D1-4E81-81C2-E8CB4FD3BF3E}.Release|iPhoneSimulator.Deploy.0 = Release|iPhoneSimulator
		{DBE99C72-77D1-4E81-81C2-E8CB4FD3BF3E}.Release|x64.ActiveCfg = Release|iPhone
		{DBE99C72-77D1-4E81-81C2-E8CB4FD3BF3E}.Release|x64.Build.0 = Release|iPhone
		{DBE99C72-77D1-4E81-81C2-E8CB4FD3BF3E}.Release|x64.Deploy.0 = Release|iPhone
		{DBE99C72-77D1-4E81-81C2-E8CB4FD3BF3E}.Release|x86.ActiveCfg = Release|iPhone
		{DBE99C72-77D1-4E81-81C2-E8CB4FD3BF3E}.Release|x86.Build.0 = Release|iPhone
		{DBE99C72-77D1-4E81-81C2-E8CB4FD3BF3E}.Release|x86.Deploy.0 = Release|iPhone
		{F380DE08-7A4C-43CC-ABF2-46BEA9729554}.Debug|Any CPU.ActiveCfg = Debug|Any CPU
		{F380DE08-7A4C-43CC-ABF2-46BEA9729554}.Debug|Any CPU.Build.0 = Debug|Any CPU
		{F380DE08-7A4C-43CC-ABF2-46BEA9729554}.Debug|Any CPU.Deploy.0 = Debug|Any CPU
		{F380DE08-7A4C-43CC-ABF2-46BEA9729554}.Debug|ARM.ActiveCfg = Debug|Any CPU
		{F380DE08-7A4C-43CC-ABF2-46BEA9729554}.Debug|ARM.Build.0 = Debug|Any CPU
		{F380DE08-7A4C-43CC-ABF2-46BEA9729554}.Debug|ARM.Deploy.0 = Debug|Any CPU
		{F380DE08-7A4C-43CC-ABF2-46BEA9729554}.Debug|iPhone.ActiveCfg = Debug|Any CPU
		{F380DE08-7A4C-43CC-ABF2-46BEA9729554}.Debug|iPhone.Build.0 = Debug|Any CPU
		{F380DE08-7A4C-43CC-ABF2-46BEA9729554}.Debug|iPhone.Deploy.0 = Debug|Any CPU
		{F380DE08-7A4C-43CC-ABF2-46BEA9729554}.Debug|iPhoneSimulator.ActiveCfg = Debug|Any CPU
		{F380DE08-7A4C-43CC-ABF2-46BEA9729554}.Debug|iPhoneSimulator.Build.0 = Debug|Any CPU
		{F380DE08-7A4C-43CC-ABF2-46BEA9729554}.Debug|iPhoneSimulator.Deploy.0 = Debug|Any CPU
		{F380DE08-7A4C-43CC-ABF2-46BEA9729554}.Debug|x64.ActiveCfg = Debug|Any CPU
		{F380DE08-7A4C-43CC-ABF2-46BEA9729554}.Debug|x64.Build.0 = Debug|Any CPU
		{F380DE08-7A4C-43CC-ABF2-46BEA9729554}.Debug|x64.Deploy.0 = Debug|Any CPU
		{F380DE08-7A4C-43CC-ABF2-46BEA9729554}.Debug|x86.ActiveCfg = Debug|Any CPU
		{F380DE08-7A4C-43CC-ABF2-46BEA9729554}.Debug|x86.Build.0 = Debug|Any CPU
		{F380DE08-7A4C-43CC-ABF2-46BEA9729554}.Debug|x86.Deploy.0 = Debug|Any CPU
		{F380DE08-7A4C-43CC-ABF2-46BEA9729554}.Release|Any CPU.ActiveCfg = Release|Any CPU
		{F380DE08-7A4C-43CC-ABF2-46BEA9729554}.Release|Any CPU.Build.0 = Release|Any CPU
		{F380DE08-7A4C-43CC-ABF2-46BEA9729554}.Release|Any CPU.Deploy.0 = Release|Any CPU
		{F380DE08-7A4C-43CC-ABF2-46BEA9729554}.Release|ARM.ActiveCfg = Release|Any CPU
		{F380DE08-7A4C-43CC-ABF2-46BEA9729554}.Release|ARM.Build.0 = Release|Any CPU
		{F380DE08-7A4C-43CC-ABF2-46BEA9729554}.Release|ARM.Deploy.0 = Release|Any CPU
		{F380DE08-7A4C-43CC-ABF2-46BEA9729554}.Release|iPhone.ActiveCfg = Release|Any CPU
		{F380DE08-7A4C-43CC-ABF2-46BEA9729554}.Release|iPhone.Build.0 = Release|Any CPU
		{F380DE08-7A4C-43CC-ABF2-46BEA9729554}.Release|iPhone.Deploy.0 = Release|Any CPU
		{F380DE08-7A4C-43CC-ABF2-46BEA9729554}.Release|iPhoneSimulator.ActiveCfg = Release|Any CPU
		{F380DE08-7A4C-43CC-ABF2-46BEA9729554}.Release|iPhoneSimulator.Build.0 = Release|Any CPU
		{F380DE08-7A4C-43CC-ABF2-46BEA9729554}.Release|iPhoneSimulator.Deploy.0 = Release|Any CPU
		{F380DE08-7A4C-43CC-ABF2-46BEA9729554}.Release|x64.ActiveCfg = Release|Any CPU
		{F380DE08-7A4C-43CC-ABF2-46BEA9729554}.Release|x64.Build.0 = Release|Any CPU
		{F380DE08-7A4C-43CC-ABF2-46BEA9729554}.Release|x64.Deploy.0 = Release|Any CPU
		{F380DE08-7A4C-43CC-ABF2-46BEA9729554}.Release|x86.ActiveCfg = Release|Any CPU
		{F380DE08-7A4C-43CC-ABF2-46BEA9729554}.Release|x86.Build.0 = Release|Any CPU
		{F380DE08-7A4C-43CC-ABF2-46BEA9729554}.Release|x86.Deploy.0 = Release|Any CPU
	EndGlobalSection
	GlobalSection(SolutionProperties) = preSolution
		HideSolutionNode = FALSE
	EndGlobalSection
	GlobalSection(ExtensibilityGlobals) = postSolution
		SolutionGuid = {193EB59F-7E47-4A99-8E92-8F9D190945BE}
	EndGlobalSection
EndGlobal
